// !$*UTF8*$!
{
	archiveVersion = 1;
	classes = {
	};
	objectVersion = 46;
	objects = {

/* Begin PBXBuildFile section */
		1C080DBA156C148000DC3DC9 /* backButton.png in Resources */ = {isa = PBXBuildFile; fileRef = 1C080DB8156C148000DC3DC9 /* backButton.png */; };
		1C080DBB156C148000DC3DC9 /* backButton@2x.png in Resources */ = {isa = PBXBuildFile; fileRef = 1C080DB9156C148000DC3DC9 /* backButton@2x.png */; };
		1C43EA5D15658E4A006C58AE /* UIKit.framework in Frameworks */ = {isa = PBXBuildFile; fileRef = 1C43EA5C15658E4A006C58AE /* UIKit.framework */; };
		1C43EA5F15658E4A006C58AE /* Foundation.framework in Frameworks */ = {isa = PBXBuildFile; fileRef = 1C43EA5E15658E4A006C58AE /* Foundation.framework */; };
		1C43EA6115658E4A006C58AE /* CoreGraphics.framework in Frameworks */ = {isa = PBXBuildFile; fileRef = 1C43EA6015658E4A006C58AE /* CoreGraphics.framework */; };
		1C43EA6715658E4A006C58AE /* InfoPlist.strings in Resources */ = {isa = PBXBuildFile; fileRef = 1C43EA6515658E4A006C58AE /* InfoPlist.strings */; };
		1C43EA6915658E4A006C58AE /* main.m in Sources */ = {isa = PBXBuildFile; fileRef = 1C43EA6815658E4A006C58AE /* main.m */; };
		1C43EA6D15658E4A006C58AE /* AppDelegate.m in Sources */ = {isa = PBXBuildFile; fileRef = 1C43EA6C15658E4A006C58AE /* AppDelegate.m */; };
		1C43EA7B15658F81006C58AE /* RootViewController.m in Sources */ = {isa = PBXBuildFile; fileRef = 1C43EA7A15658F81006C58AE /* RootViewController.m */; };
		1C946CAC156BECA400690B0F /* background@2x.png in Resources */ = {isa = PBXBuildFile; fileRef = 1C946CA8156BECA400690B0F /* background@2x.png */; };
		1C946CAD156BECA400690B0F /* createButton@2x.png in Resources */ = {isa = PBXBuildFile; fileRef = 1C946CA9156BECA400690B0F /* createButton@2x.png */; };
		1C946CAE156BECA400690B0F /* settingsButton@2x.png in Resources */ = {isa = PBXBuildFile; fileRef = 1C946CAA156BECA400690B0F /* settingsButton@2x.png */; };
		1C946CB7156BF15400690B0F /* createButton.png in Resources */ = {isa = PBXBuildFile; fileRef = 1C946CB4156BF15400690B0F /* createButton.png */; };
		1C946CB8156BF15400690B0F /* settingsButton.png in Resources */ = {isa = PBXBuildFile; fileRef = 1C946CB5156BF15400690B0F /* settingsButton.png */; };
		1C946CBB156BF1BD00690B0F /* background.png in Resources */ = {isa = PBXBuildFile; fileRef = 1C946CBA156BF1BD00690B0F /* background.png */; };
		1C946CBE156BFD0400690B0F /* SettingsViewController.m in Sources */ = {isa = PBXBuildFile; fileRef = 1C946CBD156BFD0400690B0F /* SettingsViewController.m */; };
		1C946CDB156C121B00690B0F /* topBarShadow.png in Resources */ = {isa = PBXBuildFile; fileRef = 1C946CDA156C121B00690B0F /* topBarShadow.png */; };
		1C976537156D52D800A3CA06 /* settingsTopBar.png in Resources */ = {isa = PBXBuildFile; fileRef = 1C976533156D52D800A3CA06 /* settingsTopBar.png */; };
		1C976538156D52D800A3CA06 /* settingsTopBar@2x.png in Resources */ = {isa = PBXBuildFile; fileRef = 1C976534156D52D800A3CA06 /* settingsTopBar@2x.png */; };
		1C976539156D52D800A3CA06 /* topBarSimplr.png in Resources */ = {isa = PBXBuildFile; fileRef = 1C976535156D52D800A3CA06 /* topBarSimplr.png */; };
		1C97653A156D52D800A3CA06 /* topBarSimplr@2x.png in Resources */ = {isa = PBXBuildFile; fileRef = 1C976536156D52D800A3CA06 /* topBarSimplr@2x.png */; };
		1C97653F156D66BC00A3CA06 /* LRSlidingTableViewCell.m in Sources */ = {isa = PBXBuildFile; fileRef = 1C97653D156D658300A3CA06 /* LRSlidingTableViewCell.m */; };
		1C9FA341157848E9003AAA20 /* tableCellFacebook@2x.png in Resources */ = {isa = PBXBuildFile; fileRef = 1C9FA33D157848E9003AAA20 /* tableCellFacebook@2x.png */; };
		1C9FA342157848E9003AAA20 /* tableCellInstagram@2x.png in Resources */ = {isa = PBXBuildFile; fileRef = 1C9FA33E157848E9003AAA20 /* tableCellInstagram@2x.png */; };
		1C9FA343157848E9003AAA20 /* tableCellTumblr@2x.png in Resources */ = {isa = PBXBuildFile; fileRef = 1C9FA33F157848E9003AAA20 /* tableCellTumblr@2x.png */; };
		1C9FA344157848E9003AAA20 /* tableCellTwitter@2x.png in Resources */ = {isa = PBXBuildFile; fileRef = 1C9FA340157848E9003AAA20 /* tableCellTwitter@2x.png */; };
		1C9FA346157849AA003AAA20 /* tableCellFacebook.png in Resources */ = {isa = PBXBuildFile; fileRef = 1C9FA345157849AA003AAA20 /* tableCellFacebook.png */; };
		1CBFAF6815892DF4008D08DD /* tableCell.png in Resources */ = {isa = PBXBuildFile; fileRef = 1CBFAF6615892DF4008D08DD /* tableCell.png */; };
		1CBFAF6915892DF4008D08DD /* tableCell@2x.png in Resources */ = {isa = PBXBuildFile; fileRef = 1CBFAF6715892DF4008D08DD /* tableCell@2x.png */; };
		1CBFAF6C15892ECE008D08DD /* tableCell10px.png in Resources */ = {isa = PBXBuildFile; fileRef = 1CBFAF6A15892ECE008D08DD /* tableCell10px.png */; };
		1CBFAF6D15892ECE008D08DD /* tableCell10px@2x.png in Resources */ = {isa = PBXBuildFile; fileRef = 1CBFAF6B15892ECE008D08DD /* tableCell10px@2x.png */; };
		1CBFAF70158930D9008D08DD /* ComposeViewController.m in Sources */ = {isa = PBXBuildFile; fileRef = 1CBFAF6F158930D9008D08DD /* ComposeViewController.m */; };
		1CBFAF73158931AC008D08DD /* tableCellSquare.png in Resources */ = {isa = PBXBuildFile; fileRef = 1CBFAF71158931AC008D08DD /* tableCellSquare.png */; };
		1CBFAF74158931AC008D08DD /* tableCellSquare@2x.png in Resources */ = {isa = PBXBuildFile; fileRef = 1CBFAF72158931AC008D08DD /* tableCellSquare@2x.png */; };
		1CBFAF771589346D008D08DD /* buttonCreate.png in Resources */ = {isa = PBXBuildFile; fileRef = 1CBFAF751589346D008D08DD /* buttonCreate.png */; };
		1CBFAF781589346D008D08DD /* buttonCreate@2x.png in Resources */ = {isa = PBXBuildFile; fileRef = 1CBFAF761589346D008D08DD /* buttonCreate@2x.png */; };
		1CBFAF7B158934CE008D08DD /* buttonSettings.png in Resources */ = {isa = PBXBuildFile; fileRef = 1CBFAF79158934CE008D08DD /* buttonSettings.png */; };
		1CBFAF7C158934CE008D08DD /* buttonSettings@2x.png in Resources */ = {isa = PBXBuildFile; fileRef = 1CBFAF7A158934CE008D08DD /* buttonSettings@2x.png */; };
		1CBFAF7F15893580008D08DD /* buttonX.png in Resources */ = {isa = PBXBuildFile; fileRef = 1CBFAF7D15893580008D08DD /* buttonX.png */; };
		1CBFAF8015893580008D08DD /* buttonX@2x.png in Resources */ = {isa = PBXBuildFile; fileRef = 1CBFAF7E15893580008D08DD /* buttonX@2x.png */; };
		1CBFAF8615893C74008D08DD /* replyButton.png in Resources */ = {isa = PBXBuildFile; fileRef = 1CBFAF8215893C74008D08DD /* replyButton.png */; };
		1CBFAF8715893C74008D08DD /* replyButton@2x.png in Resources */ = {isa = PBXBuildFile; fileRef = 1CBFAF8315893C74008D08DD /* replyButton@2x.png */; };
		1CBFAF8815893C74008D08DD /* retweetButton.png in Resources */ = {isa = PBXBuildFile; fileRef = 1CBFAF8415893C74008D08DD /* retweetButton.png */; };
		1CBFAF8915893C74008D08DD /* retweetButton@2x.png in Resources */ = {isa = PBXBuildFile; fileRef = 1CBFAF8515893C74008D08DD /* retweetButton@2x.png */; };
/* End PBXBuildFile section */

/* Begin PBXFileReference section */
		1C080DB8156C148000DC3DC9 /* backButton.png */ = {isa = PBXFileReference; lastKnownFileType = image.png; path = backButton.png; sourceTree = "<group>"; };
		1C080DB9156C148000DC3DC9 /* backButton@2x.png */ = {isa = PBXFileReference; lastKnownFileType = image.png; path = "backButton@2x.png"; sourceTree = "<group>"; };
		1C43EA5815658E4A006C58AE /* Simplr.app */ = {isa = PBXFileReference; explicitFileType = wrapper.application; includeInIndex = 0; path = Simplr.app; sourceTree = BUILT_PRODUCTS_DIR; };
		1C43EA5C15658E4A006C58AE /* UIKit.framework */ = {isa = PBXFileReference; lastKnownFileType = wrapper.framework; name = UIKit.framework; path = System/Library/Frameworks/UIKit.framework; sourceTree = SDKROOT; };
		1C43EA5E15658E4A006C58AE /* Foundation.framework */ = {isa = PBXFileReference; lastKnownFileType = wrapper.framework; name = Foundation.framework; path = System/Library/Frameworks/Foundation.framework; sourceTree = SDKROOT; };
		1C43EA6015658E4A006C58AE /* CoreGraphics.framework */ = {isa = PBXFileReference; lastKnownFileType = wrapper.framework; name = CoreGraphics.framework; path = System/Library/Frameworks/CoreGraphics.framework; sourceTree = SDKROOT; };
		1C43EA6415658E4A006C58AE /* Simplr-Info.plist */ = {isa = PBXFileReference; lastKnownFileType = text.plist.xml; path = "Simplr-Info.plist"; sourceTree = "<group>"; };
		1C43EA6615658E4A006C58AE /* en */ = {isa = PBXFileReference; lastKnownFileType = text.plist.strings; name = en; path = en.lproj/InfoPlist.strings; sourceTree = "<group>"; };
		1C43EA6815658E4A006C58AE /* main.m */ = {isa = PBXFileReference; lastKnownFileType = sourcecode.c.objc; path = main.m; sourceTree = "<group>"; };
		1C43EA6A15658E4A006C58AE /* Simplr-Prefix.pch */ = {isa = PBXFileReference; lastKnownFileType = sourcecode.c.h; path = "Simplr-Prefix.pch"; sourceTree = "<group>"; };
		1C43EA6B15658E4A006C58AE /* AppDelegate.h */ = {isa = PBXFileReference; lastKnownFileType = sourcecode.c.h; path = AppDelegate.h; sourceTree = "<group>"; };
		1C43EA6C15658E4A006C58AE /* AppDelegate.m */ = {isa = PBXFileReference; lastKnownFileType = sourcecode.c.objc; path = AppDelegate.m; sourceTree = "<group>"; };
		1C43EA7915658F81006C58AE /* RootViewController.h */ = {isa = PBXFileReference; fileEncoding = 4; lastKnownFileType = sourcecode.c.h; path = RootViewController.h; sourceTree = "<group>"; };
		1C43EA7A15658F81006C58AE /* RootViewController.m */ = {isa = PBXFileReference; fileEncoding = 4; lastKnownFileType = sourcecode.c.objc; path = RootViewController.m; sourceTree = "<group>"; };
		1C946CA8156BECA400690B0F /* background@2x.png */ = {isa = PBXFileReference; lastKnownFileType = image.png; path = "background@2x.png"; sourceTree = "<group>"; };
		1C946CA9156BECA400690B0F /* createButton@2x.png */ = {isa = PBXFileReference; lastKnownFileType = image.png; path = "createButton@2x.png"; sourceTree = "<group>"; };
		1C946CAA156BECA400690B0F /* settingsButton@2x.png */ = {isa = PBXFileReference; lastKnownFileType = image.png; path = "settingsButton@2x.png"; sourceTree = "<group>"; };
		1C946CB4156BF15400690B0F /* createButton.png */ = {isa = PBXFileReference; lastKnownFileType = image.png; path = createButton.png; sourceTree = "<group>"; };
		1C946CB5156BF15400690B0F /* settingsButton.png */ = {isa = PBXFileReference; lastKnownFileType = image.png; path = settingsButton.png; sourceTree = "<group>"; };
		1C946CBA156BF1BD00690B0F /* background.png */ = {isa = PBXFileReference; lastKnownFileType = image.png; path = background.png; sourceTree = "<group>"; };
		1C946CBC156BFD0400690B0F /* SettingsViewController.h */ = {isa = PBXFileReference; fileEncoding = 4; lastKnownFileType = sourcecode.c.h; path = SettingsViewController.h; sourceTree = "<group>"; };
		1C946CBD156BFD0400690B0F /* SettingsViewController.m */ = {isa = PBXFileReference; fileEncoding = 4; lastKnownFileType = sourcecode.c.objc; path = SettingsViewController.m; sourceTree = "<group>"; };
		1C946CD7156C11C500690B0F /* topBarShadow@2x.png */ = {isa = PBXFileReference; lastKnownFileType = image.png; path = "topBarShadow@2x.png"; sourceTree = "<group>"; };
		1C946CDA156C121B00690B0F /* topBarShadow.png */ = {isa = PBXFileReference; lastKnownFileType = image.png; path = topBarShadow.png; sourceTree = "<group>"; };
		1C976533156D52D800A3CA06 /* settingsTopBar.png */ = {isa = PBXFileReference; lastKnownFileType = image.png; path = settingsTopBar.png; sourceTree = "<group>"; };
		1C976534156D52D800A3CA06 /* settingsTopBar@2x.png */ = {isa = PBXFileReference; lastKnownFileType = image.png; path = "settingsTopBar@2x.png"; sourceTree = "<group>"; };
		1C976535156D52D800A3CA06 /* topBarSimplr.png */ = {isa = PBXFileReference; lastKnownFileType = image.png; path = topBarSimplr.png; sourceTree = "<group>"; };
		1C976536156D52D800A3CA06 /* topBarSimplr@2x.png */ = {isa = PBXFileReference; lastKnownFileType = image.png; path = "topBarSimplr@2x.png"; sourceTree = "<group>"; };
		1C97653C156D658300A3CA06 /* LRSlidingTableViewCell.h */ = {isa = PBXFileReference; lastKnownFileType = sourcecode.c.h; path = LRSlidingTableViewCell.h; sourceTree = "<group>"; };
		1C97653D156D658300A3CA06 /* LRSlidingTableViewCell.m */ = {isa = PBXFileReference; lastKnownFileType = sourcecode.c.objc; path = LRSlidingTableViewCell.m; sourceTree = "<group>"; };
		1C9FA33D157848E9003AAA20 /* tableCellFacebook@2x.png */ = {isa = PBXFileReference; lastKnownFileType = image.png; path = "tableCellFacebook@2x.png"; sourceTree = "<group>"; };
		1C9FA33E157848E9003AAA20 /* tableCellInstagram@2x.png */ = {isa = PBXFileReference; lastKnownFileType = image.png; path = "tableCellInstagram@2x.png"; sourceTree = "<group>"; };
		1C9FA33F157848E9003AAA20 /* tableCellTumblr@2x.png */ = {isa = PBXFileReference; lastKnownFileType = image.png; path = "tableCellTumblr@2x.png"; sourceTree = "<group>"; };
		1C9FA340157848E9003AAA20 /* tableCellTwitter@2x.png */ = {isa = PBXFileReference; lastKnownFileType = image.png; path = "tableCellTwitter@2x.png"; sourceTree = "<group>"; };
		1C9FA345157849AA003AAA20 /* tableCellFacebook.png */ = {isa = PBXFileReference; lastKnownFileType = image.png; path = tableCellFacebook.png; sourceTree = "<group>"; };
		1CBFAF6615892DF4008D08DD /* tableCell.png */ = {isa = PBXFileReference; lastKnownFileType = image.png; path = tableCell.png; sourceTree = "<group>"; };
		1CBFAF6715892DF4008D08DD /* tableCell@2x.png */ = {isa = PBXFileReference; lastKnownFileType = image.png; path = "tableCell@2x.png"; sourceTree = "<group>"; };
		1CBFAF6A15892ECE008D08DD /* tableCell10px.png */ = {isa = PBXFileReference; lastKnownFileType = image.png; path = tableCell10px.png; sourceTree = "<group>"; };
		1CBFAF6B15892ECE008D08DD /* tableCell10px@2x.png */ = {isa = PBXFileReference; lastKnownFileType = image.png; path = "tableCell10px@2x.png"; sourceTree = "<group>"; };
		1CBFAF6E158930D9008D08DD /* ComposeViewController.h */ = {isa = PBXFileReference; fileEncoding = 4; lastKnownFileType = sourcecode.c.h; path = ComposeViewController.h; sourceTree = "<group>"; };
		1CBFAF6F158930D9008D08DD /* ComposeViewController.m */ = {isa = PBXFileReference; fileEncoding = 4; lastKnownFileType = sourcecode.c.objc; path = ComposeViewController.m; sourceTree = "<group>"; };
		1CBFAF71158931AC008D08DD /* tableCellSquare.png */ = {isa = PBXFileReference; lastKnownFileType = image.png; path = tableCellSquare.png; sourceTree = "<group>"; };
		1CBFAF72158931AC008D08DD /* tableCellSquare@2x.png */ = {isa = PBXFileReference; lastKnownFileType = image.png; path = "tableCellSquare@2x.png"; sourceTree = "<group>"; };
		1CBFAF751589346D008D08DD /* buttonCreate.png */ = {isa = PBXFileReference; lastKnownFileType = image.png; path = buttonCreate.png; sourceTree = "<group>"; };
		1CBFAF761589346D008D08DD /* buttonCreate@2x.png */ = {isa = PBXFileReference; lastKnownFileType = image.png; path = "buttonCreate@2x.png"; sourceTree = "<group>"; };
		1CBFAF79158934CE008D08DD /* buttonSettings.png */ = {isa = PBXFileReference; lastKnownFileType = image.png; path = buttonSettings.png; sourceTree = "<group>"; };
		1CBFAF7A158934CE008D08DD /* buttonSettings@2x.png */ = {isa = PBXFileReference; lastKnownFileType = image.png; path = "buttonSettings@2x.png"; sourceTree = "<group>"; };
		1CBFAF7D15893580008D08DD /* buttonX.png */ = {isa = PBXFileReference; lastKnownFileType = image.png; path = buttonX.png; sourceTree = "<group>"; };
		1CBFAF7E15893580008D08DD /* buttonX@2x.png */ = {isa = PBXFileReference; lastKnownFileType = image.png; path = "buttonX@2x.png"; sourceTree = "<group>"; };
		1CBFAF8215893C74008D08DD /* replyButton.png */ = {isa = PBXFileReference; lastKnownFileType = image.png; path = replyButton.png; sourceTree = "<group>"; };
		1CBFAF8315893C74008D08DD /* replyButton@2x.png */ = {isa = PBXFileReference; lastKnownFileType = image.png; path = "replyButton@2x.png"; sourceTree = "<group>"; };
		1CBFAF8415893C74008D08DD /* retweetButton.png */ = {isa = PBXFileReference; lastKnownFileType = image.png; path = retweetButton.png; sourceTree = "<group>"; };
		1CBFAF8515893C74008D08DD /* retweetButton@2x.png */ = {isa = PBXFileReference; lastKnownFileType = image.png; path = "retweetButton@2x.png"; sourceTree = "<group>"; };
/* End PBXFileReference section */

/* Begin PBXFrameworksBuildPhase section */
		1C43EA5515658E4A006C58AE /* Frameworks */ = {
			isa = PBXFrameworksBuildPhase;
			buildActionMask = 2147483647;
			files = (
				1C43EA5D15658E4A006C58AE /* UIKit.framework in Frameworks */,
				1C43EA5F15658E4A006C58AE /* Foundation.framework in Frameworks */,
				1C43EA6115658E4A006C58AE /* CoreGraphics.framework in Frameworks */,
			);
			runOnlyForDeploymentPostprocessing = 0;
		};
/* End PBXFrameworksBuildPhase section */

/* Begin PBXGroup section */
		1C43EA4D15658E4A006C58AE = {
			isa = PBXGroup;
			children = (
				1C43EA6215658E4A006C58AE /* Simplr */,
				1C946CA6156BEC7200690B0F /* Images */,
				1C43EA5B15658E4A006C58AE /* Frameworks */,
				1C43EA5915658E4A006C58AE /* Products */,
				1C43EA6315658E4A006C58AE /* Supporting Files */,
			);
			sourceTree = "<group>";
		};
		1C43EA5915658E4A006C58AE /* Products */ = {
			isa = PBXGroup;
			children = (
				1C43EA5815658E4A006C58AE /* Simplr.app */,
			);
			name = Products;
			sourceTree = "<group>";
		};
		1C43EA5B15658E4A006C58AE /* Frameworks */ = {
			isa = PBXGroup;
			children = (
				1C43EA5C15658E4A006C58AE /* UIKit.framework */,
				1C43EA5E15658E4A006C58AE /* Foundation.framework */,
				1C43EA6015658E4A006C58AE /* CoreGraphics.framework */,
			);
			name = Frameworks;
			sourceTree = "<group>";
		};
		1C43EA6215658E4A006C58AE /* Simplr */ = {
			isa = PBXGroup;
			children = (
				1C97653E156D658A00A3CA06 /* Table View Cells */,
				1C43EA7715658F4C006C58AE /* View Controllers */,
				1C43EA6B15658E4A006C58AE /* AppDelegate.h */,
				1C43EA6C15658E4A006C58AE /* AppDelegate.m */,
			);
			path = Simplr;
			sourceTree = "<group>";
		};
		1C43EA6315658E4A006C58AE /* Supporting Files */ = {
			isa = PBXGroup;
			children = (
				1C43EA6415658E4A006C58AE /* Simplr-Info.plist */,
				1C43EA6515658E4A006C58AE /* InfoPlist.strings */,
				1C43EA6815658E4A006C58AE /* main.m */,
				1C43EA6A15658E4A006C58AE /* Simplr-Prefix.pch */,
			);
			name = "Supporting Files";
			path = Simplr;
			sourceTree = "<group>";
		};
		1C43EA7715658F4C006C58AE /* View Controllers */ = {
			isa = PBXGroup;
			children = (
				1C43EA7915658F81006C58AE /* RootViewController.h */,
				1C43EA7A15658F81006C58AE /* RootViewController.m */,
				1C946CBC156BFD0400690B0F /* SettingsViewController.h */,
				1C946CBD156BFD0400690B0F /* SettingsViewController.m */,
				1CBFAF6E158930D9008D08DD /* ComposeViewController.h */,
				1CBFAF6F158930D9008D08DD /* ComposeViewController.m */,
			);
			name = "View Controllers";
			sourceTree = "<group>";
		};
		1C946CA6156BEC7200690B0F /* Images */ = {
			isa = PBXGroup;
			children = (
				1C946CBF156BFEAC00690B0F /* Backgrounds */,
				1C946CC1156BFECB00690B0F /* Buttons */,
			);
			name = Images;
			sourceTree = "<group>";
		};
		1C946CBF156BFEAC00690B0F /* Backgrounds */ = {
			isa = PBXGroup;
			children = (
				1C9FA33B157848DA003AAA20 /* Table Cells */,
				1C946CC3156BFEF000690B0F /* NavBar */,
				1C946CBA156BF1BD00690B0F /* background.png */,
				1C946CA8156BECA400690B0F /* background@2x.png */,
			);
			name = Backgrounds;
			sourceTree = "<group>";
		};
		1C946CC1156BFECB00690B0F /* Buttons */ = {
			isa = PBXGroup;
			children = (
				1CBFAF8115893C5E008D08DD /* Feed */,
				1C946CC2156BFED000690B0F /* NavBar */,
			);
			name = Buttons;
			sourceTree = "<group>";
		};
		1C946CC2156BFED000690B0F /* NavBar */ = {
			isa = PBXGroup;
			children = (
				1CBFAF7D15893580008D08DD /* buttonX.png */,
				1CBFAF7E15893580008D08DD /* buttonX@2x.png */,
				1CBFAF79158934CE008D08DD /* buttonSettings.png */,
				1CBFAF7A158934CE008D08DD /* buttonSettings@2x.png */,
				1CBFAF751589346D008D08DD /* buttonCreate.png */,
				1CBFAF761589346D008D08DD /* buttonCreate@2x.png */,
				1C080DB8156C148000DC3DC9 /* backButton.png */,
				1C080DB9156C148000DC3DC9 /* backButton@2x.png */,
				1C946CB4156BF15400690B0F /* createButton.png */,
				1C946CB5156BF15400690B0F /* settingsButton.png */,
				1C946CA9156BECA400690B0F /* createButton@2x.png */,
				1C946CAA156BECA400690B0F /* settingsButton@2x.png */,
			);
			name = NavBar;
			sourceTree = "<group>";
		};
		1C946CC3156BFEF000690B0F /* NavBar */ = {
			isa = PBXGroup;
			children = (
				1C976533156D52D800A3CA06 /* settingsTopBar.png */,
				1C976534156D52D800A3CA06 /* settingsTopBar@2x.png */,
				1C976535156D52D800A3CA06 /* topBarSimplr.png */,
				1C976536156D52D800A3CA06 /* topBarSimplr@2x.png */,
				1C946CDA156C121B00690B0F /* topBarShadow.png */,
				1C946CD7156C11C500690B0F /* topBarShadow@2x.png */,
			);
			name = NavBar;
			sourceTree = "<group>";
		};
		1C97653E156D658A00A3CA06 /* Table View Cells */ = {
			isa = PBXGroup;
			children = (
				1C97653C156D658300A3CA06 /* LRSlidingTableViewCell.h */,
				1C97653D156D658300A3CA06 /* LRSlidingTableViewCell.m */,
			);
			name = "Table View Cells";
			sourceTree = "<group>";
		};
		1C9FA33B157848DA003AAA20 /* Table Cells */ = {
			isa = PBXGroup;
			children = (
				1CBFAF71158931AC008D08DD /* tableCellSquare.png */,
				1CBFAF72158931AC008D08DD /* tableCellSquare@2x.png */,
				1CBFAF6A15892ECE008D08DD /* tableCell10px.png */,
				1CBFAF6B15892ECE008D08DD /* tableCell10px@2x.png */,
				1CBFAF6615892DF4008D08DD /* tableCell.png */,
				1CBFAF6715892DF4008D08DD /* tableCell@2x.png */,
				1C9FA345157849AA003AAA20 /* tableCellFacebook.png */,
				1C9FA33D157848E9003AAA20 /* tableCellFacebook@2x.png */,
				1C9FA33E157848E9003AAA20 /* tableCellInstagram@2x.png */,
				1C9FA33F157848E9003AAA20 /* tableCellTumblr@2x.png */,
				1C9FA340157848E9003AAA20 /* tableCellTwitter@2x.png */,
			);
			name = "Table Cells";
			sourceTree = "<group>";
		};
		1CBFAF8115893C5E008D08DD /* Feed */ = {
			isa = PBXGroup;
			children = (
				1CBFAF8215893C74008D08DD /* replyButton.png */,
				1CBFAF8315893C74008D08DD /* replyButton@2x.png */,
				1CBFAF8415893C74008D08DD /* retweetButton.png */,
				1CBFAF8515893C74008D08DD /* retweetButton@2x.png */,
			);
			name = Feed;
			sourceTree = "<group>";
		};
/* End PBXGroup section */

/* Begin PBXNativeTarget section */
		1C43EA5715658E4A006C58AE /* Simplr */ = {
			isa = PBXNativeTarget;
			buildConfigurationList = 1C43EA7015658E4A006C58AE /* Build configuration list for PBXNativeTarget "Simplr" */;
			buildPhases = (
				1C43EA5415658E4A006C58AE /* Sources */,
				1C43EA5515658E4A006C58AE /* Frameworks */,
				1C43EA5615658E4A006C58AE /* Resources */,
			);
			buildRules = (
			);
			dependencies = (
			);
			name = Simplr;
			productName = Simplr;
			productReference = 1C43EA5815658E4A006C58AE /* Simplr.app */;
			productType = "com.apple.product-type.application";
		};
/* End PBXNativeTarget section */

/* Begin PBXProject section */
		1C43EA4F15658E4A006C58AE /* Project object */ = {
			isa = PBXProject;
			attributes = {
				LastUpgradeCheck = 0430;
			};
			buildConfigurationList = 1C43EA5215658E4A006C58AE /* Build configuration list for PBXProject "Simplr" */;
			compatibilityVersion = "Xcode 3.2";
			developmentRegion = English;
			hasScannedForEncodings = 0;
			knownRegions = (
				en,
			);
			mainGroup = 1C43EA4D15658E4A006C58AE;
			productRefGroup = 1C43EA5915658E4A006C58AE /* Products */;
			projectDirPath = "";
			projectRoot = "";
			targets = (
				1C43EA5715658E4A006C58AE /* Simplr */,
			);
		};
/* End PBXProject section */

/* Begin PBXResourcesBuildPhase section */
		1C43EA5615658E4A006C58AE /* Resources */ = {
			isa = PBXResourcesBuildPhase;
			buildActionMask = 2147483647;
			files = (
				1C43EA6715658E4A006C58AE /* InfoPlist.strings in Resources */,
				1C946CAC156BECA400690B0F /* background@2x.png in Resources */,
				1C946CAD156BECA400690B0F /* createButton@2x.png in Resources */,
				1C946CAE156BECA400690B0F /* settingsButton@2x.png in Resources */,
				1C946CB7156BF15400690B0F /* createButton.png in Resources */,
				1C946CB8156BF15400690B0F /* settingsButton.png in Resources */,
				1C946CBB156BF1BD00690B0F /* background.png in Resources */,
				1C946CDB156C121B00690B0F /* topBarShadow.png in Resources */,
				1C080DBA156C148000DC3DC9 /* backButton.png in Resources */,
				1C080DBB156C148000DC3DC9 /* backButton@2x.png in Resources */,
				1C976537156D52D800A3CA06 /* settingsTopBar.png in Resources */,
				1C976538156D52D800A3CA06 /* settingsTopBar@2x.png in Resources */,
				1C976539156D52D800A3CA06 /* topBarSimplr.png in Resources */,
				1C97653A156D52D800A3CA06 /* topBarSimplr@2x.png in Resources */,
				1C9FA341157848E9003AAA20 /* tableCellFacebook@2x.png in Resources */,
				1C9FA342157848E9003AAA20 /* tableCellInstagram@2x.png in Resources */,
				1C9FA343157848E9003AAA20 /* tableCellTumblr@2x.png in Resources */,
				1C9FA344157848E9003AAA20 /* tableCellTwitter@2x.png in Resources */,
				1C9FA346157849AA003AAA20 /* tableCellFacebook.png in Resources */,
				1CBFAF6815892DF4008D08DD /* tableCell.png in Resources */,
				1CBFAF6915892DF4008D08DD /* tableCell@2x.png in Resources */,
				1CBFAF6C15892ECE008D08DD /* tableCell10px.png in Resources */,
				1CBFAF6D15892ECE008D08DD /* tableCell10px@2x.png in Resources */,
				1CBFAF73158931AC008D08DD /* tableCellSquare.png in Resources */,
				1CBFAF74158931AC008D08DD /* tableCellSquare@2x.png in Resources */,
				1CBFAF771589346D008D08DD /* buttonCreate.png in Resources */,
				1CBFAF781589346D008D08DD /* buttonCreate@2x.png in Resources */,
				1CBFAF7B158934CE008D08DD /* buttonSettings.png in Resources */,
				1CBFAF7C158934CE008D08DD /* buttonSettings@2x.png in Resources */,
				1CBFAF7F15893580008D08DD /* buttonX.png in Resources */,
				1CBFAF8015893580008D08DD /* buttonX@2x.png in Resources */,
				1CBFAF8615893C74008D08DD /* replyButton.png in Resources */,
				1CBFAF8715893C74008D08DD /* replyButton@2x.png in Resources */,
				1CBFAF8815893C74008D08DD /* retweetButton.png in Resources */,
				1CBFAF8915893C74008D08DD /* retweetButton@2x.png in Resources */,
			);
			runOnlyForDeploymentPostprocessing = 0;
		};
/* End PBXResourcesBuildPhase section */

/* Begin PBXSourcesBuildPhase section */
		1C43EA5415658E4A006C58AE /* Sources */ = {
			isa = PBXSourcesBuildPhase;
			buildActionMask = 2147483647;
			files = (
				1C97653F156D66BC00A3CA06 /* LRSlidingTableViewCell.m in Sources */,
				1C43EA6915658E4A006C58AE /* main.m in Sources */,
				1C43EA6D15658E4A006C58AE /* AppDelegate.m in Sources */,
				1C43EA7B15658F81006C58AE /* RootViewController.m in Sources */,
				1C946CBE156BFD0400690B0F /* SettingsViewController.m in Sources */,
				1CBFAF70158930D9008D08DD /* ComposeViewController.m in Sources */,
			);
			runOnlyForDeploymentPostprocessing = 0;
		};
/* End PBXSourcesBuildPhase section */

/* Begin PBXVariantGroup section */
		1C43EA6515658E4A006C58AE /* InfoPlist.strings */ = {
			isa = PBXVariantGroup;
			children = (
				1C43EA6615658E4A006C58AE /* en */,
			);
			name = InfoPlist.strings;
			sourceTree = "<group>";
		};
/* End PBXVariantGroup section */

/* Begin XCBuildConfiguration section */
		1C43EA6E15658E4A006C58AE /* Debug */ = {
			isa = XCBuildConfiguration;
			buildSettings = {
				ALWAYS_SEARCH_USER_PATHS = NO;
				ARCHS = "$(ARCHS_STANDARD_32_BIT)";
				CLANG_ENABLE_OBJC_ARC = YES;
				"CODE_SIGN_IDENTITY[sdk=iphoneos*]" = "iPhone Developer";
				COPY_PHASE_STRIP = NO;
				GCC_C_LANGUAGE_STANDARD = gnu99;
				GCC_DYNAMIC_NO_PIC = NO;
				GCC_OPTIMIZATION_LEVEL = 0;
				GCC_PREPROCESSOR_DEFINITIONS = (
					"DEBUG=1",
					"$(inherited)",
				);
				GCC_SYMBOLS_PRIVATE_EXTERN = NO;
				GCC_VERSION = com.apple.compilers.llvm.clang.1_0;
				GCC_WARN_ABOUT_RETURN_TYPE = YES;
				GCC_WARN_UNINITIALIZED_AUTOS = YES;
				GCC_WARN_UNUSED_VARIABLE = YES;
				IPHONEOS_DEPLOYMENT_TARGET = 5.1;
				SDKROOT = iphoneos;
				TARGETED_DEVICE_FAMILY = "1,2";
			};
			name = Debug;
		};
		1C43EA6F15658E4A006C58AE /* Release */ = {
			isa = XCBuildConfiguration;
			buildSettings = {
				ALWAYS_SEARCH_USER_PATHS = NO;
				ARCHS = "$(ARCHS_STANDARD_32_BIT)";
				CLANG_ENABLE_OBJC_ARC = YES;
				"CODE_SIGN_IDENTITY[sdk=iphoneos*]" = "iPhone Developer";
				COPY_PHASE_STRIP = YES;
				GCC_C_LANGUAGE_STANDARD = gnu99;
				GCC_VERSION = com.apple.compilers.llvm.clang.1_0;
				GCC_WARN_ABOUT_RETURN_TYPE = YES;
				GCC_WARN_UNINITIALIZED_AUTOS = YES;
				GCC_WARN_UNUSED_VARIABLE = YES;
				IPHONEOS_DEPLOYMENT_TARGET = 5.1;
				OTHER_CFLAGS = "-DNS_BLOCK_ASSERTIONS=1";
				SDKROOT = iphoneos;
				TARGETED_DEVICE_FAMILY = "1,2";
				VALIDATE_PRODUCT = YES;
			};
			name = Release;
		};
		1C43EA7115658E4A006C58AE /* Debug */ = {
			isa = XCBuildConfiguration;
			buildSettings = {
				GCC_PRECOMPILE_PREFIX_HEADER = YES;
				GCC_PREFIX_HEADER = "Simplr/Simplr-Prefix.pch";
				INFOPLIST_FILE = "Simplr/Simplr-Info.plist";
				PRODUCT_NAME = "$(TARGET_NAME)";
				WRAPPER_EXTENSION = app;
			};
			name = Debug;
		};
		1C43EA7215658E4A006C58AE /* Release */ = {
			isa = XCBuildConfiguration;
			buildSettings = {
				GCC_PRECOMPILE_PREFIX_HEADER = YES;
				GCC_PREFIX_HEADER = "Simplr/Simplr-Prefix.pch";
				INFOPLIST_FILE = "Simplr/Simplr-Info.plist";
				PRODUCT_NAME = "$(TARGET_NAME)";
				WRAPPER_EXTENSION = app;
			};
			name = Release;
		};
/* End XCBuildConfiguration section */

/* Begin XCConfigurationList section */
		1C43EA5215658E4A006C58AE /* Build configuration list for PBXProject "Simplr" */ = {
			isa = XCConfigurationList;
			buildConfigurations = (
				1C43EA6E15658E4A006C58AE /* Debug */,
				1C43EA6F15658E4A006C58AE /* Release */,
			);
			defaultConfigurationIsVisible = 0;
			defaultConfigurationName = Release;
		};
		1C43EA7015658E4A006C58AE /* Build configuration list for PBXNativeTarget "Simplr" */ = {
			isa = XCConfigurationList;
			buildConfigurations = (
				1C43EA7115658E4A006C58AE /* Debug */,
				1C43EA7215658E4A006C58AE /* Release */,
			);
			defaultConfigurationIsVisible = 0;
			defaultConfigurationName = Release;
		};
/* End XCConfigurationList section */
	};
	rootObject = 1C43EA4F15658E4A006C58AE /* Project object */;
}
